// !$*UTF8*$!
{
	archiveVersion = 1;
	classes = {
	};
	objectVersion = 56;
	objects = {

/* Begin PBXBuildFile section */
		1A0000000000000000000021 /* StreaksApp.swift in Sources */ = {isa = PBXBuildFile; fileRef = 1A0000000000000000000020 /* StreaksApp.swift */; };
		1A0000000000000000000023 /* ContentView.swift in Sources */ = {isa = PBXBuildFile; fileRef = 1A0000000000000000000022 /* ContentView.swift */; };
		1A0000000000000000000025 /* HomeView.swift in Sources */ = {isa = PBXBuildFile; fileRef = 1A0000000000000000000024 /* HomeView.swift */; };
		1A0000000000000000000027 /* HomeViewModel.swift in Sources */ = {isa = PBXBuildFile; fileRef = 1A0000000000000000000026 /* HomeViewModel.swift */; };
		1A0000000000000000000029 /* InterventionOutcome.swift in Sources */ = {isa = PBXBuildFile; fileRef = 1A0000000000000000000028 /* InterventionOutcome.swift */; };
		1A000000000000000000002B /* AppGroup.swift in Sources */ = {isa = PBXBuildFile; fileRef = 1A000000000000000000002A /* AppGroup.swift */; };
		1A000000000000000000002D /* PersistenceController.swift in Sources */ = {isa = PBXBuildFile; fileRef = 1A000000000000000000002C /* PersistenceController.swift */; };
		1A000000000000000000002F /* StreakMath.swift in Sources */ = {isa = PBXBuildFile; fileRef = 1A000000000000000000002E /* StreakMath.swift */; };
		1A0000000000000000000031 /* QuestionProvider.swift in Sources */ = {isa = PBXBuildFile; fileRef = 1A0000000000000000000030 /* QuestionProvider.swift */; };
		1A0000000000000000000033 /* Assets.xcassets in Resources */ = {isa = PBXBuildFile; fileRef = 1A0000000000000000000032 /* Assets.xcassets */; };
		1A0000000000000000000037 /* Streaks.xcdatamodeld in Sources */ = {isa = PBXBuildFile; fileRef = 1A0000000000000000000035 /* Streaks.xcdatamodeld */; };
		1A0000000000000000000041 /* HabitCategory.swift in Sources */ = {isa = PBXBuildFile; fileRef = 1A0000000000000000000040 /* HabitCategory.swift */; };
		1A0000000000000000000043 /* HabitRepository.swift in Sources */ = {isa = PBXBuildFile; fileRef = 1A0000000000000000000042 /* HabitRepository.swift */; };
		1A0000000000000000000045 /* CreateHabitViewModel.swift in Sources */ = {isa = PBXBuildFile; fileRef = 1A0000000000000000000044 /* CreateHabitViewModel.swift */; };
		1A0000000000000000000047 /* SlipController.swift in Sources */ = {isa = PBXBuildFile; fileRef = 1A0000000000000000000046 /* SlipController.swift */; };
		1A0000000000000000000049 /* InterventionViewModel.swift in Sources */ = {isa = PBXBuildFile; fileRef = 1A0000000000000000000048 /* InterventionViewModel.swift */; };
		1A000000000000000000004B /* EditQuestionsViewModel.swift in Sources */ = {isa = PBXBuildFile; fileRef = 1A000000000000000000004A /* EditQuestionsViewModel.swift */; };
		1A000000000000000000004D /* HabitDetailViewModel.swift in Sources */ = {isa = PBXBuildFile; fileRef = 1A000000000000000000004C /* HabitDetailViewModel.swift */; };
		1A000000000000000000004F /* CreateHabitView.swift in Sources */ = {isa = PBXBuildFile; fileRef = 1A000000000000000000004E /* CreateHabitView.swift */; };
		1A0000000000000000000051 /* SlipSnackbar.swift in Sources */ = {isa = PBXBuildFile; fileRef = 1A0000000000000000000050 /* SlipSnackbar.swift */; };
		1A0000000000000000000053 /* SwipeCard.swift in Sources */ = {isa = PBXBuildFile; fileRef = 1A0000000000000000000052 /* SwipeCard.swift */; };
		1A0000000000000000000055 /* InterventionDeckView.swift in Sources */ = {isa = PBXBuildFile; fileRef = 1A0000000000000000000054 /* InterventionDeckView.swift */; };
		1A0000000000000000000057 /* EditQuestionsView.swift in Sources */ = {isa = PBXBuildFile; fileRef = 1A0000000000000000000056 /* EditQuestionsView.swift */; };
		1A0000000000000000000059 /* HabitDetailView.swift in Sources */ = {isa = PBXBuildFile; fileRef = 1A0000000000000000000058 /* HabitDetailView.swift */; };
/* End PBXBuildFile section */

/* Begin PBXFileReference section */
		1A0000000000000000000005 /* Streaks.app */ = {isa = PBXFileReference; explicitFileType = wrapper.application; includeInIndex = 0; path = Streaks.app; sourceTree = BUILT_PRODUCTS_DIR; };
		1A0000000000000000000020 /* StreaksApp.swift */ = {isa = PBXFileReference; lastKnownFileType = sourcecode.swift; path = StreaksApp.swift; sourceTree = "<group>"; };
		1A0000000000000000000022 /* ContentView.swift */ = {isa = PBXFileReference; lastKnownFileType = sourcecode.swift; path = ContentView.swift; sourceTree = "<group>"; };
		1A0000000000000000000024 /* HomeView.swift */ = {isa = PBXFileReference; lastKnownFileType = sourcecode.swift; path = HomeView.swift; sourceTree = "<group>"; };
		1A0000000000000000000026 /* HomeViewModel.swift */ = {isa = PBXFileReference; lastKnownFileType = sourcecode.swift; path = HomeViewModel.swift; sourceTree = "<group>"; };
		1A0000000000000000000028 /* InterventionOutcome.swift */ = {isa = PBXFileReference; lastKnownFileType = sourcecode.swift; path = InterventionOutcome.swift; sourceTree = "<group>"; };
		1A000000000000000000002A /* AppGroup.swift */ = {isa = PBXFileReference; lastKnownFileType = sourcecode.swift; path = AppGroup.swift; sourceTree = "<group>"; };
		1A000000000000000000002C /* PersistenceController.swift */ = {isa = PBXFileReference; lastKnownFileType = sourcecode.swift; path = PersistenceController.swift; sourceTree = "<group>"; };
		1A000000000000000000002E /* StreakMath.swift */ = {isa = PBXFileReference; lastKnownFileType = sourcecode.swift; path = StreakMath.swift; sourceTree = "<group>"; };
		1A0000000000000000000030 /* QuestionProvider.swift */ = {isa = PBXFileReference; lastKnownFileType = sourcecode.swift; path = QuestionProvider.swift; sourceTree = "<group>"; };
		1A0000000000000000000032 /* Assets.xcassets */ = {isa = PBXFileReference; lastKnownFileType = folder.assetcatalog; path = Assets.xcassets; sourceTree = "<group>"; };
		1A0000000000000000000034 /* Streaks.entitlements */ = {isa = PBXFileReference; lastKnownFileType = text.plist.entitlements; path = Streaks.entitlements; sourceTree = "<group>"; };
		1A0000000000000000000036 /* Streaks.xcdatamodel */ = {isa = PBXFileReference; lastKnownFileType = wrapper.xcdatamodel; path = Streaks.xcdatamodel; sourceTree = "<group>"; };
		1A0000000000000000000040 /* HabitCategory.swift */ = {isa = PBXFileReference; lastKnownFileType = sourcecode.swift; path = HabitCategory.swift; sourceTree = "<group>"; };
		1A0000000000000000000042 /* HabitRepository.swift */ = {isa = PBXFileReference; lastKnownFileType = sourcecode.swift; path = HabitRepository.swift; sourceTree = "<group>"; };
		1A0000000000000000000044 /* CreateHabitViewModel.swift */ = {isa = PBXFileReference; lastKnownFileType = sourcecode.swift; path = CreateHabitViewModel.swift; sourceTree = "<group>"; };
		1A0000000000000000000046 /* SlipController.swift */ = {isa = PBXFileReference; lastKnownFileType = sourcecode.swift; path = SlipController.swift; sourceTree = "<group>"; };
		1A0000000000000000000048 /* InterventionViewModel.swift */ = {isa = PBXFileReference; lastKnownFileType = sourcecode.swift; path = InterventionViewModel.swift; sourceTree = "<group>"; };
		1A000000000000000000004A /* EditQuestionsViewModel.swift */ = {isa = PBXFileReference; lastKnownFileType = sourcecode.swift; path = EditQuestionsViewModel.swift; sourceTree = "<group>"; };
		1A000000000000000000004C /* HabitDetailViewModel.swift */ = {isa = PBXFileReference; lastKnownFileType = sourcecode.swift; path = HabitDetailViewModel.swift; sourceTree = "<group>"; };
		1A000000000000000000004E /* CreateHabitView.swift */ = {isa = PBXFileReference; lastKnownFileType = sourcecode.swift; path = CreateHabitView.swift; sourceTree = "<group>"; };
		1A0000000000000000000050 /* SlipSnackbar.swift */ = {isa = PBXFileReference; lastKnownFileType = sourcecode.swift; path = SlipSnackbar.swift; sourceTree = "<group>"; };
		1A0000000000000000000052 /* SwipeCard.swift */ = {isa = PBXFileReference; lastKnownFileType = sourcecode.swift; path = SwipeCard.swift; sourceTree = "<group>"; };
		1A0000000000000000000054 /* InterventionDeckView.swift */ = {isa = PBXFileReference; lastKnownFileType = sourcecode.swift; path = InterventionDeckView.swift; sourceTree = "<group>"; };
		1A0000000000000000000056 /* EditQuestionsView.swift */ = {isa = PBXFileReference; lastKnownFileType = sourcecode.swift; path = EditQuestionsView.swift; sourceTree = "<group>"; };
		1A0000000000000000000058 /* HabitDetailView.swift */ = {isa = PBXFileReference; lastKnownFileType = sourcecode.swift; path = HabitDetailView.swift; sourceTree = "<group>"; };
/* End PBXFileReference section */

/* Begin PBXFrameworksBuildPhase section */
		1A0000000000000000000007 /* Frameworks */ = {
			isa = PBXFrameworksBuildPhase;
			buildActionMask = 2147483647;
			files = (
			);
			runOnlyForDeploymentPostprocessing = 0;
		};
/* End PBXFrameworksBuildPhase section */

/* Begin PBXGroup section */
		1A0000000000000000000002 = {
			isa = PBXGroup;
			children = (
				1A0000000000000000000010 /* ios_frontend */,
				1A0000000000000000000003 /* Products */,
			);
			sourceTree = "<group>";
		};
		1A0000000000000000000003 /* Products */ = {
			isa = PBXGroup;
			children = (
				1A0000000000000000000005 /* Streaks.app */,
			);
			name = Products;
			sourceTree = "<group>";
		};
		1A0000000000000000000010 /* ios_frontend */ = {
			isa = PBXGroup;
			children = (
				1A0000000000000000000011 /* App */,
				1A0000000000000000000012 /* Models */,
				1A0000000000000000000013 /* Views */,
				1A0000000000000000000014 /* ViewModels */,
				1A0000000000000000000015 /* Utilities */,
				1A0000000000000000000016 /* Resources */,
				1A0000000000000000000034 /* Streaks.entitlements */,
			);
			path = ios_frontend;
			sourceTree = "<group>";
		};
		1A0000000000000000000011 /* App */ = {
			isa = PBXGroup;
			children = (
				1A0000000000000000000020 /* StreaksApp.swift */,
			);
			path = App;
			sourceTree = "<group>";
		};
		1A0000000000000000000012 /* Models */ = {
			isa = PBXGroup;
			children = (
				1A0000000000000000000028 /* InterventionOutcome.swift */,
				1A0000000000000000000040 /* HabitCategory.swift */,
				1A0000000000000000000035 /* Streaks.xcdatamodeld */,
			);
			path = Models;
			sourceTree = "<group>";
		};
		1A0000000000000000000013 /* Views */ = {
			isa = PBXGroup;
			children = (
				1A0000000000000000000022 /* ContentView.swift */,
				1A0000000000000000000024 /* HomeView.swift */,
				1A000000000000000000004E /* CreateHabitView.swift */,
				1A0000000000000000000058 /* HabitDetailView.swift */,
				1A0000000000000000000054 /* InterventionDeckView.swift */,
				1A0000000000000000000052 /* SwipeCard.swift */,
				1A0000000000000000000050 /* SlipSnackbar.swift */,
				1A0000000000000000000056 /* EditQuestionsView.swift */,
			);
			path = Views;
			sourceTree = "<group>";
		};
		1A0000000000000000000014 /* ViewModels */ = {
			isa = PBXGroup;
			children = (
				1A0000000000000000000026 /* HomeViewModel.swift */,
				1A0000000000000000000044 /* CreateHabitViewModel.swift */,
				1A000000000000000000004C /* HabitDetailViewModel.swift */,
				1A0000000000000000000048 /* InterventionViewModel.swift */,
				1A000000000000000000004A /* EditQuestionsViewModel.swift */,
				1A0000000000000000000046 /* SlipController.swift */,
			);
			path = ViewModels;
			sourceTree = "<group>";
		};
		1A0000000000000000000015 /* Utilities */ = {
			isa = PBXGroup;
			children = (
				1A000000000000000000002A /* AppGroup.swift */,
				1A000000000000000000002C /* PersistenceController.swift */,
				1A000000000000000000002E /* StreakMath.swift */,
				1A0000000000000000000030 /* QuestionProvider.swift */,
				1A0000000000000000000042 /* HabitRepository.swift */,
			);
			path = Utilities;
			sourceTree = "<group>";
		};
		1A0000000000000000000016 /* Resources */ = {
			isa = PBXGroup;
			children = (
				1A0000000000000000000032 /* Assets.xcassets */,
			);
			path = Resources;
			sourceTree = "<group>";
		};
/* End PBXGroup section */

/* Begin PBXNativeTarget section */
		1A0000000000000000000004 /* Streaks */ = {
			isa = PBXNativeTarget;
			buildConfigurationList = 1A000000000000000000000A /* Build configuration list for PBXNativeTarget "Streaks" */;
			buildPhases = (
				1A0000000000000000000006 /* Sources */,
				1A0000000000000000000007 /* Frameworks */,
				1A0000000000000000000008 /* Resources */,
			);
			buildRules = (
			);
			dependencies = (
			);
			name = Streaks;
			productName = Streaks;
			productReference = 1A0000000000000000000005 /* Streaks.app */;
			productType = "com.apple.product-type.application";
		};
/* End PBXNativeTarget section */

/* Begin PBXProject section */
		1A0000000000000000000001 /* Project object */ = {
			isa = PBXProject;
			attributes = {
				BuildIndependentTargetsInParallel = 1;
				LastSwiftUpdateCheck = 1600;
				LastUpgradeCheck = 1600;
				TargetAttributes = {
					1A0000000000000000000004 = {
						CreatedOnToolsVersion = 16.0;
					};
				};
			};
			buildConfigurationList = 1A0000000000000000000009 /* Build configuration list for PBXProject "Streaks" */;
			compatibilityVersion = "Xcode 14.0";
			developmentRegion = en;
			hasScannedForEncodings = 0;
			knownRegions = (
				en,
				Base,
			);
			mainGroup = 1A0000000000000000000002;
			productRefGroup = 1A0000000000000000000003 /* Products */;
			projectDirPath = "";
			projectRoot = "";
			targets = (
				1A0000000000000000000004 /* Streaks */,
			);
		};
/* End PBXProject section */

/* Begin PBXResourcesBuildPhase section */
		1A0000000000000000000008 /* Resources */ = {
			isa = PBXResourcesBuildPhase;
			buildActionMask = 2147483647;
			files = (
				1A0000000000000000000033 /* Assets.xcassets in Resources */,
			);
			runOnlyForDeploymentPostprocessing = 0;
		};
/* End PBXResourcesBuildPhase section */

/* Begin PBXSourcesBuildPhase section */
		1A0000000000000000000006 /* Sources */ = {
			isa = PBXSourcesBuildPhase;
			buildActionMask = 2147483647;
			files = (
				1A0000000000000000000021 /* StreaksApp.swift in Sources */,
				1A0000000000000000000023 /* ContentView.swift in Sources */,
				1A0000000000000000000025 /* HomeView.swift in Sources */,
				1A0000000000000000000027 /* HomeViewModel.swift in Sources */,
				1A0000000000000000000029 /* InterventionOutcome.swift in Sources */,
				1A000000000000000000002B /* AppGroup.swift in Sources */,
				1A000000000000000000002D /* PersistenceController.swift in Sources */,
				1A000000000000000000002F /* StreakMath.swift in Sources */,
				1A0000000000000000000031 /* QuestionProvider.swift in Sources */,
				1A0000000000000000000037 /* Streaks.xcdatamodeld in Sources */,
				1A0000000000000000000041 /* HabitCategory.swift in Sources */,
				1A0000000000000000000043 /* HabitRepository.swift in Sources */,
				1A0000000000000000000045 /* CreateHabitViewModel.swift in Sources */,
				1A0000000000000000000047 /* SlipController.swift in Sources */,
				1A0000000000000000000049 /* InterventionViewModel.swift in Sources */,
				1A000000000000000000004B /* EditQuestionsViewModel.swift in Sources */,
				1A000000000000000000004D /* HabitDetailViewModel.swift in Sources */,
				1A000000000000000000004F /* CreateHabitView.swift in Sources */,
				1A0000000000000000000051 /* SlipSnackbar.swift in Sources */,
				1A0000000000000000000053 /* SwipeCard.swift in Sources */,
				1A0000000000000000000055 /* InterventionDeckView.swift in Sources */,
				1A0000000000000000000057 /* EditQuestionsView.swift in Sources */,
				1A0000000000000000000059 /* HabitDetailView.swift in Sources */,
			);
			runOnlyForDeploymentPostprocessing = 0;
		};
/* End PBXSourcesBuildPhase section */

/* Begin XCBuildConfiguration section */
		1A000000000000000000000B /* Debug */ = {
			isa = XCBuildConfiguration;
			buildSettings = {
				ALWAYS_SEARCH_USER_PATHS = NO;
				ASSETCATALOG_COMPILER_GENERATE_SWIFT_ASSET_SYMBOL_EXTENSIONS = YES;
				CLANG_ANALYZER_NONNULL = YES;
				CLANG_ANALYZER_NUMBER_OBJECT_CONVERSION = YES_AGGRESSIVE;
				CLANG_CXX_LANGUAGE_STANDARD = "gnu++20";
				CLANG_ENABLE_MODULES = YES;
				CLANG_ENABLE_OBJC_ARC = YES;
				CLANG_ENABLE_OBJC_WEAK = YES;
				CLANG_WARN_BOOL_CONVERSION = YES;
				CLANG_WARN_COMMA = YES;
				CLANG_WARN_CONSTANT_CONVERSION = YES;
				CLANG_WARN_DEPRECATED_OBJC_IMPLEMENTATIONS = YES;
				CLANG_WARN_DIRECT_OBJC_ISA_USAGE = YES_ERROR;
				CLANG_WARN_DOCUMENTATION_COMMENTS = YES;
				CLANG_WARN_EMPTY_BODY = YES;
				CLANG_WARN_ENUM_CONVERSION = YES;
				CLANG_WARN_INFINITE_RECURSION = YES;
				CLANG_WARN_INT_CONVERSION = YES;
				CLANG_WARN_NON_LITERAL_NULL_CONVERSION = YES;
				CLANG_WARN_OBJC_IMPLICIT_RETAIN_SELF = YES;
				CLANG_WARN_OBJC_LITERAL_CONVERSION = YES;
				CLANG_WARN_OBJC_ROOT_CLASS = YES_ERROR;
				CLANG_WARN_QUOTED_INCLUDE_IN_FRAMEWORK_HEADER = YES;
				CLANG_WARN_RANGE_LOOP_ANALYSIS = YES;
				CLANG_WARN_STRICT_PROTOTYPES = YES;
				CLANG_WARN_SUSPICIOUS_MOVE = YES;
				CLANG_WARN_UNGUARDED_AVAILABILITY = YES_AGGRESSIVE;
				CLANG_WARN_UNREACHABLE_CODE = YES;
				CLANG_WARN__DUPLICATE_METHOD_MATCH = YES;
				COPY_PHASE_STRIP = NO;
				DEBUG_INFORMATION_FORMAT = dwarf;
				ENABLE_STRICT_OBJC_MSGSEND = YES;
				ENABLE_TESTABILITY = YES;
				ENABLE_USER_SCRIPT_SANDBOXING = YES;
				GCC_C_LANGUAGE_STANDARD = gnu17;
				GCC_DYNAMIC_NO_PIC = NO;
				GCC_NO_COMMON_BLOCKS = YES;
				GCC_OPTIMIZATION_LEVEL = 0;
				GCC_PREPROCESSOR_DEFINITIONS = (
					"DEBUG=1",
					"$(inherited)",
				);
				GCC_WARN_64_TO_32_BIT_CONVERSION = YES;
				GCC_WARN_ABOUT_RETURN_TYPE = YES_ERROR;
				GCC_WARN_UNDECLARED_SELECTOR = YES;
				GCC_WARN_UNINITIALIZED_AUTOS = YES_AGGRESSIVE;
				GCC_WARN_UNUSED_FUNCTION = YES;
				GCC_WARN_UNUSED_VARIABLE = YES;
				IPHONEOS_DEPLOYMENT_TARGET = 17.0;
				LOCALIZATION_PREFERS_STRING_CATALOGS = YES;
				MTL_ENABLE_DEBUG_INFO = INCLUDE_SOURCE;
				MTL_FAST_MATH = YES;
				ONLY_ACTIVE_ARCH = YES;
				SDKROOT = iphoneos;
				SWIFT_ACTIVE_COMPILATION_CONDITIONS = "DEBUG $(inherited)";
				SWIFT_OPTIMIZATION_LEVEL = "-Onone";
			};
			name = Debug;
		};
		1A000000000000000000000C /* Release */ = {
			isa = XCBuildConfiguration;
			buildSettings = {
				ALWAYS_SEARCH_USER_PATHS = NO;
				ASSETCATALOG_COMPILER_GENERATE_SWIFT_ASSET_SYMBOL_EXTENSIONS = YES;
				CLANG_ANALYZER_NONNULL = YES;
				CLANG_ANALYZER_NUMBER_OBJECT_CONVERSION = YES_AGGRESSIVE;
				CLANG_CXX_LANGUAGE_STANDARD = "gnu++20";
				CLANG_ENABLE_MODULES = YES;
				CLANG_ENABLE_OBJC_ARC = YES;
				CLANG_ENABLE_OBJC_WEAK = YES;
				CLANG_WARN_BOOL_CONVERSION = YES;
				CLANG_WARN_COMMA = YES;
				CLANG_WARN_CONSTANT_CONVERSION = YES;
				CLANG_WARN_DEPRECATED_OBJC_IMPLEMENTATIONS = YES;
				CLANG_WARN_DIRECT_OBJC_ISA_USAGE = YES_ERROR;
				CLANG_WARN_DOCUMENTATION_COMMENTS = YES;
				CLANG_WARN_EMPTY_BODY = YES;
				CLANG_WARN_ENUM_CONVERSION = YES;
				CLANG_WARN_INFINITE_RECURSION = YES;
				CLANG_WARN_INT_CONVERSION = YES;
				CLANG_WARN_NON_LITERAL_NULL_CONVERSION = YES;
				CLANG_WARN_OBJC_IMPLICIT_RETAIN_SELF = YES;
				CLANG_WARN_OBJC_LITERAL_CONVERSION = YES;
				CLANG_WARN_OBJC_ROOT_CLASS = YES_ERROR;
				CLANG_WARN_QUOTED_INCLUDE_IN_FRAMEWORK_HEADER = YES;
				CLANG_WARN_RANGE_LOOP_ANALYSIS = YES;
				CLANG_WARN_STRICT_PROTOTYPES = YES;
				CLANG_WARN_SUSPICIOUS_MOVE = YES;
				CLANG_WARN_UNGUARDED_AVAILABILITY = YES_AGGRESSIVE;
				CLANG_WARN_UNREACHABLE_CODE = YES;
				CLANG_WARN__DUPLICATE_METHOD_MATCH = YES;
				COPY_PHASE_STRIP = NO;
				DEBUG_INFORMATION_FORMAT = "dwarf-with-dsym";
				ENABLE_NS_ASSERTIONS = NO;
				ENABLE_STRICT_OBJC_MSGSEND = YES;
				ENABLE_USER_SCRIPT_SANDBOXING = YES;
				GCC_C_LANGUAGE_STANDARD = gnu17;
				GCC_NO_COMMON_BLOCKS = YES;
				GCC_WARN_64_TO_32_BIT_CONVERSION = YES;
				GCC_WARN_ABOUT_RETURN_TYPE = YES_ERROR;
				GCC_WARN_UNDECLARED_SELECTOR = YES;
				GCC_WARN_UNINITIALIZED_AUTOS = YES_AGGRESSIVE;
				GCC_WARN_UNUSED_FUNCTION = YES;
				GCC_WARN_UNUSED_VARIABLE = YES;
				IPHONEOS_DEPLOYMENT_TARGET = 17.0;
				LOCALIZATION_PREFERS_STRING_CATALOGS = YES;
				MTL_ENABLE_DEBUG_INFO = NO;
				MTL_FAST_MATH = YES;
				SDKROOT = iphoneos;
				SWIFT_COMPILATION_MODE = wholemodule;
				VALIDATE_PRODUCT = YES;
			};
			name = Release;
		};
		1A000000000000000000000D /* Debug */ = {
			isa = XCBuildConfiguration;
			buildSettings = {
				ASSETCATALOG_COMPILER_APPICON_NAME = AppIcon;
				ASSETCATALOG_COMPILER_GLOBAL_ACCENT_COLOR_NAME = AccentColor;
				CODE_SIGN_ENTITLEMENTS = ios_frontend/Streaks.entitlements;
				CODE_SIGN_STYLE = Automatic;
				CURRENT_PROJECT_VERSION = 1;
				GENERATE_INFOPLIST_FILE = YES;
				INFOPLIST_KEY_UIApplicationSceneManifest_Generation = YES;
				INFOPLIST_KEY_UIApplicationSupportsIndirectInputEvents = YES;
				INFOPLIST_KEY_UILaunchScreen_Generation = YES;
				INFOPLIST_KEY_UISupportedInterfaceOrientations_iPad = "UIInterfaceOrientationPortrait UIInterfaceOrientationPortraitUpsideDown UIInterfaceOrientationLandscapeLeft UIInterfaceOrientationLandscapeRight";
				INFOPLIST_KEY_UISupportedInterfaceOrientations_iPhone = "UIInterfaceOrientationPortrait UIInterfaceOrientationLandscapeLeft UIInterfaceOrientationLandscapeRight";
				LD_RUNPATH_SEARCH_PATHS = (
					"$(inherited)",
					"@executable_path/Frameworks",
				);
				MARKETING_VERSION = 1.0;
				PRODUCT_BUNDLE_IDENTIFIER = com.jordantam.streaks;
				PRODUCT_NAME = "$(TARGET_NAME)";
				SWIFT_EMIT_LOC_STRINGS = YES;
				SWIFT_VERSION = 5.0;
				TARGETED_DEVICE_FAMILY = "1,2";
			};
			name = Debug;
		};
		1A000000000000000000000E /* Release */ = {
			isa = XCBuildConfiguration;
			buildSettings = {
				ASSETCATALOG_COMPILER_APPICON_NAME = AppIcon;
				ASSETCATALOG_COMPILER_GLOBAL_ACCENT_COLOR_NAME = AccentColor;
				CODE_SIGN_ENTITLEMENTS = ios_frontend/Streaks.entitlements;
				CODE_SIGN_STYLE = Automatic;
				CURRENT_PROJECT_VERSION = 1;
				GENERATE_INFOPLIST_FILE = YES;
				INFOPLIST_KEY_UIApplicationSceneManifest_Generation = YES;
				INFOPLIST_KEY_UIApplicationSupportsIndirectInputEvents = YES;
				INFOPLIST_KEY_UILaunchScreen_Generation = YES;
				INFOPLIST_KEY_UISupportedInterfaceOrientations_iPad = "UIInterfaceOrientationPortrait UIInterfaceOrientationPortraitUpsideDown UIInterfaceOrientationLandscapeLeft UIInterfaceOrientationLandscapeRight";
				INFOPLIST_KEY_UISupportedInterfaceOrientations_iPhone = "UIInterfaceOrientationPortrait UIInterfaceOrientationLandscapeLeft UIInterfaceOrientationLandscapeRight";
				LD_RUNPATH_SEARCH_PATHS = (
					"$(inherited)",
					"@executable_path/Frameworks",
				);
				MARKETING_VERSION = 1.0;
				PRODUCT_BUNDLE_IDENTIFIER = com.jordantam.streaks;
				PRODUCT_NAME = "$(TARGET_NAME)";
				SWIFT_EMIT_LOC_STRINGS = YES;
				SWIFT_VERSION = 5.0;
				TARGETED_DEVICE_FAMILY = "1,2";
			};
			name = Release;
		};
/* End XCBuildConfiguration section */

/* Begin XCConfigurationList section */
		1A0000000000000000000009 /* Build configuration list for PBXProject "Streaks" */ = {
			isa = XCConfigurationList;
			buildConfigurations = (
				1A000000000000000000000B /* Debug */,
				1A000000000000000000000C /* Release */,
			);
			defaultConfigurationIsVisible = 0;
			defaultConfigurationName = Release;
		};
		1A000000000000000000000A /* Build configuration list for PBXNativeTarget "Streaks" */ = {
			isa = XCConfigurationList;
			buildConfigurations = (
				1A000000000000000000000D /* Debug */,
				1A000000000000000000000E /* Release */,
			);
			defaultConfigurationIsVisible = 0;
			defaultConfigurationName = Release;
		};
/* End XCConfigurationList section */

/* Begin XCVersionGroup section */
		1A0000000000000000000035 /* Streaks.xcdatamodeld */ = {
			isa = XCVersionGroup;
			children = (
				1A0000000000000000000036 /* Streaks.xcdatamodel */,
			);
			currentVersion = 1A0000000000000000000036 /* Streaks.xcdatamodel */;
			path = Streaks.xcdatamodeld;
			sourceTree = "<group>";
			versionGroupType = wrapper.xcdatamodel;
		};
/* End XCVersionGroup section */
	};
	rootObject = 1A0000000000000000000001 /* Project object */;
}
